
Microsoft Visual Studio Solution File, Format Version 12.00
# Visual Studio 14
VisualStudioVersion = 14.0.23107.0
MinimumVisualStudioVersion = 10.0.40219.1
Project("{FAE04EC0-301F-11D3-BF4B-00C04F79EFBC}") = "bai tap ve chuoi", "bai tap ve chuoi\bai tap ve chuoi.csproj", "{AB891AEF-CE6F-4297-BC7C-BC580E41C8C9}"
EndProject
Project("{FAE04EC0-301F-11D3-BF4B-00C04F79EFBC}") = "UnitTestProject1", "UnitTestProject1\UnitTestProject1.csproj", "{F507FCA7-E4DF-42F2-B006-F3D472F7CB4B}"
EndProject
Global
	GlobalSection(SolutionConfigurationPlatforms) = preSolution
		Debug|Any CPU = Debug|Any CPU
		Release|Any CPU = Release|Any CPU
	EndGlobalSection
	GlobalSection(ProjectConfigurationPlatforms) = postSolution
		{AB891AEF-CE6F-4297-BC7C-BC580E41C8C9}.Debug|Any CPU.ActiveCfg = Debug|Any CPU
		{AB891AEF-CE6F-4297-BC7C-BC580E41C8C9}.Debug|Any CPU.Build.0 = Debug|Any CPU
		{AB891AEF-CE6F-4297-BC7C-BC580E41C8C9}.Release|Any CPU.ActiveCfg = Release|Any CPU
		{AB891AEF-CE6F-4297-BC7C-BC580E41C8C9}.Release|Any CPU.Build.0 = Release|Any CPU
		{F507FCA7-E4DF-42F2-B006-F3D472F7CB4B}.Debug|Any CPU.ActiveCfg = Debug|Any CPU
		{F507FCA7-E4DF-42F2-B006-F3D472F7CB4B}.Debug|Any CPU.Build.0 = Debug|Any CPU
		{F507FCA7-E4DF-42F2-B006-F3D472F7CB4B}.Release|Any CPU.ActiveCfg = Release|Any CPU
		{F507FCA7-E4DF-42F2-B006-F3D472F7CB4B}.Release|Any CPU.Build.0 = Release|Any CPU
	EndGlobalSection
	GlobalSection(SolutionProperties) = preSolution
		HideSolutionNode = FALSE
	EndGlobalSection
EndGlobal
