
Microsoft Visual Studio Solution File, Format Version 12.00
# Visual Studio 14
VisualStudioVersion = 14.0.23107.0
MinimumVisualStudioVersion = 10.0.40219.1
Project("{FAE04EC0-301F-11D3-BF4B-00C04F79EFBC}") = "test", "test\test.csproj", "{C36753B2-E5FE-4DFA-9159-69BA7BBF6CDA}"
EndProject
Global
	GlobalSection(SolutionConfigurationPlatforms) = preSolution
		Debug|Any CPU = Debug|Any CPU
		Release|Any CPU = Release|Any CPU
	EndGlobalSection
	GlobalSection(ProjectConfigurationPlatforms) = postSolution
		{C36753B2-E5FE-4DFA-9159-69BA7BBF6CDA}.Debug|Any CPU.ActiveCfg = Debug|Any CPU
		{C36753B2-E5FE-4DFA-9159-69BA7BBF6CDA}.Debug|Any CPU.Build.0 = Debug|Any CPU
		{C36753B2-E5FE-4DFA-9159-69BA7BBF6CDA}.Release|Any CPU.ActiveCfg = Release|Any CPU
		{C36753B2-E5FE-4DFA-9159-69BA7BBF6CDA}.Release|Any CPU.Build.0 = Release|Any CPU
	EndGlobalSection
	GlobalSection(SolutionProperties) = preSolution
		HideSolutionNode = FALSE
	EndGlobalSection
EndGlobal
