
Microsoft Visual Studio Solution File, Format Version 12.00
# Visual Studio 14
VisualStudioVersion = 14.0.23107.0
MinimumVisualStudioVersion = 10.0.40219.1
Project("{FAE04EC0-301F-11D3-BF4B-00C04F79EFBC}") = "KeThua", "KeThua\KeThua.csproj", "{A34F11B4-3B5A-413C-82C4-8CA049FABEEB}"
EndProject
Project("{FAE04EC0-301F-11D3-BF4B-00C04F79EFBC}") = "Test", "Test\Test.csproj", "{D1E5512F-2735-4B62-BB96-E0BC3F4AD3F8}"
EndProject
Global
	GlobalSection(SolutionConfigurationPlatforms) = preSolution
		Debug|Any CPU = Debug|Any CPU
		Release|Any CPU = Release|Any CPU
	EndGlobalSection
	GlobalSection(ProjectConfigurationPlatforms) = postSolution
		{A34F11B4-3B5A-413C-82C4-8CA049FABEEB}.Debug|Any CPU.ActiveCfg = Debug|Any CPU
		{A34F11B4-3B5A-413C-82C4-8CA049FABEEB}.Debug|Any CPU.Build.0 = Debug|Any CPU
		{A34F11B4-3B5A-413C-82C4-8CA049FABEEB}.Release|Any CPU.ActiveCfg = Release|Any CPU
		{A34F11B4-3B5A-413C-82C4-8CA049FABEEB}.Release|Any CPU.Build.0 = Release|Any CPU
		{D1E5512F-2735-4B62-BB96-E0BC3F4AD3F8}.Debug|Any CPU.ActiveCfg = Debug|Any CPU
		{D1E5512F-2735-4B62-BB96-E0BC3F4AD3F8}.Debug|Any CPU.Build.0 = Debug|Any CPU
		{D1E5512F-2735-4B62-BB96-E0BC3F4AD3F8}.Release|Any CPU.ActiveCfg = Release|Any CPU
		{D1E5512F-2735-4B62-BB96-E0BC3F4AD3F8}.Release|Any CPU.Build.0 = Release|Any CPU
	EndGlobalSection
	GlobalSection(SolutionProperties) = preSolution
		HideSolutionNode = FALSE
	EndGlobalSection
EndGlobal
