
Microsoft Visual Studio Solution File, Format Version 12.00
# Visual Studio 2013
VisualStudioVersion = 12.0.21005.1
MinimumVisualStudioVersion = 10.0.40219.1
Project("{FAE04EC0-301F-11D3-BF4B-00C04F79EFBC}") = "TimDuongTrenForm", "TimDuongTrenForm\TimDuongTrenForm.csproj", "{AD9F7167-47FA-46F9-A05D-52758BD2ED8C}"
EndProject
Project("{FAE04EC0-301F-11D3-BF4B-00C04F79EFBC}") = "DoThi", "DoThi\DoThi.csproj", "{232F92AE-864C-47A6-9376-686A5C33FF33}"
EndProject
Global
	GlobalSection(SolutionConfigurationPlatforms) = preSolution
		Debug|Any CPU = Debug|Any CPU
		Release|Any CPU = Release|Any CPU
	EndGlobalSection
	GlobalSection(ProjectConfigurationPlatforms) = postSolution
		{AD9F7167-47FA-46F9-A05D-52758BD2ED8C}.Debug|Any CPU.ActiveCfg = Debug|Any CPU
		{AD9F7167-47FA-46F9-A05D-52758BD2ED8C}.Debug|Any CPU.Build.0 = Debug|Any CPU
		{AD9F7167-47FA-46F9-A05D-52758BD2ED8C}.Release|Any CPU.ActiveCfg = Release|Any CPU
		{AD9F7167-47FA-46F9-A05D-52758BD2ED8C}.Release|Any CPU.Build.0 = Release|Any CPU
		{232F92AE-864C-47A6-9376-686A5C33FF33}.Debug|Any CPU.ActiveCfg = Debug|Any CPU
		{232F92AE-864C-47A6-9376-686A5C33FF33}.Debug|Any CPU.Build.0 = Debug|Any CPU
		{232F92AE-864C-47A6-9376-686A5C33FF33}.Release|Any CPU.ActiveCfg = Release|Any CPU
		{232F92AE-864C-47A6-9376-686A5C33FF33}.Release|Any CPU.Build.0 = Release|Any CPU
	EndGlobalSection
	GlobalSection(SolutionProperties) = preSolution
		HideSolutionNode = FALSE
	EndGlobalSection
EndGlobal
