
Microsoft Visual Studio Solution File, Format Version 12.00
# Visual Studio 2013
VisualStudioVersion = 12.0.21005.1
MinimumVisualStudioVersion = 10.0.40219.1
Project("{FAE04EC0-301F-11D3-BF4B-00C04F79EFBC}") = "BieuThucTrungToSoLonConsole", "BieuThucTrungToSoLonConsole\BieuThucTrungToSoLonConsole.csproj", "{7DC10F4B-A7F1-44BE-A439-7B62025DE345}"
EndProject
Project("{FAE04EC0-301F-11D3-BF4B-00C04F79EFBC}") = "TestSolon", "TestSolon\TestSolon.csproj", "{DDDFA3DD-A8AF-40CA-9553-ACBDBF40BB25}"
EndProject
Global
	GlobalSection(SolutionConfigurationPlatforms) = preSolution
		Debug|Any CPU = Debug|Any CPU
		Release|Any CPU = Release|Any CPU
	EndGlobalSection
	GlobalSection(ProjectConfigurationPlatforms) = postSolution
		{7DC10F4B-A7F1-44BE-A439-7B62025DE345}.Debug|Any CPU.ActiveCfg = Debug|Any CPU
		{7DC10F4B-A7F1-44BE-A439-7B62025DE345}.Debug|Any CPU.Build.0 = Debug|Any CPU
		{7DC10F4B-A7F1-44BE-A439-7B62025DE345}.Release|Any CPU.ActiveCfg = Release|Any CPU
		{7DC10F4B-A7F1-44BE-A439-7B62025DE345}.Release|Any CPU.Build.0 = Release|Any CPU
		{DDDFA3DD-A8AF-40CA-9553-ACBDBF40BB25}.Debug|Any CPU.ActiveCfg = Debug|Any CPU
		{DDDFA3DD-A8AF-40CA-9553-ACBDBF40BB25}.Debug|Any CPU.Build.0 = Debug|Any CPU
		{DDDFA3DD-A8AF-40CA-9553-ACBDBF40BB25}.Release|Any CPU.ActiveCfg = Release|Any CPU
		{DDDFA3DD-A8AF-40CA-9553-ACBDBF40BB25}.Release|Any CPU.Build.0 = Release|Any CPU
	EndGlobalSection
	GlobalSection(SolutionProperties) = preSolution
		HideSolutionNode = FALSE
	EndGlobalSection
EndGlobal
