
Microsoft Visual Studio Solution File, Format Version 12.00
# Visual Studio 14
VisualStudioVersion = 14.0.23107.0
MinimumVisualStudioVersion = 10.0.40219.1
Project("{FAE04EC0-301F-11D3-BF4B-00C04F79EFBC}") = "SapXepMangThyeoThuTu", "SapXepMangThyeoThuTu\SapXepMangThyeoThuTu.csproj", "{DB67740F-994A-4642-ADD0-E2E1BC0C98FC}"
EndProject
Project("{FAE04EC0-301F-11D3-BF4B-00C04F79EFBC}") = "SapXepTangDanTheoThuTuTangDan", "SapXepTangDanTheoThuTuTangDan\SapXepTangDanTheoThuTuTangDan.csproj", "{A99205C7-3C49-43F0-B503-2E714764CB91}"
EndProject
Global
	GlobalSection(SolutionConfigurationPlatforms) = preSolution
		Debug|Any CPU = Debug|Any CPU
		Release|Any CPU = Release|Any CPU
	EndGlobalSection
	GlobalSection(ProjectConfigurationPlatforms) = postSolution
		{DB67740F-994A-4642-ADD0-E2E1BC0C98FC}.Debug|Any CPU.ActiveCfg = Debug|Any CPU
		{DB67740F-994A-4642-ADD0-E2E1BC0C98FC}.Debug|Any CPU.Build.0 = Debug|Any CPU
		{DB67740F-994A-4642-ADD0-E2E1BC0C98FC}.Release|Any CPU.ActiveCfg = Release|Any CPU
		{DB67740F-994A-4642-ADD0-E2E1BC0C98FC}.Release|Any CPU.Build.0 = Release|Any CPU
		{A99205C7-3C49-43F0-B503-2E714764CB91}.Debug|Any CPU.ActiveCfg = Debug|Any CPU
		{A99205C7-3C49-43F0-B503-2E714764CB91}.Debug|Any CPU.Build.0 = Debug|Any CPU
		{A99205C7-3C49-43F0-B503-2E714764CB91}.Release|Any CPU.ActiveCfg = Release|Any CPU
		{A99205C7-3C49-43F0-B503-2E714764CB91}.Release|Any CPU.Build.0 = Release|Any CPU
	EndGlobalSection
	GlobalSection(SolutionProperties) = preSolution
		HideSolutionNode = FALSE
	EndGlobalSection
EndGlobal
