
Microsoft Visual Studio Solution File, Format Version 12.00
# Visual Studio 14
VisualStudioVersion = 14.0.23107.0
MinimumVisualStudioVersion = 10.0.40219.1
Project("{FAE04EC0-301F-11D3-BF4B-00C04F79EFBC}") = "ThuocTinhSV", "ThuocTinhSV\ThuocTinhSV.csproj", "{B92F4A50-3B58-41C5-B0CF-E4DACEB72E85}"
EndProject
Project("{FAE04EC0-301F-11D3-BF4B-00C04F79EFBC}") = "TestSinhVien1", "TestSinhVien1\TestSinhVien1.csproj", "{1062BE43-1F10-4151-B273-039CC07DC5D7}"
EndProject
Global
	GlobalSection(SolutionConfigurationPlatforms) = preSolution
		Debug|Any CPU = Debug|Any CPU
		Release|Any CPU = Release|Any CPU
	EndGlobalSection
	GlobalSection(ProjectConfigurationPlatforms) = postSolution
		{B92F4A50-3B58-41C5-B0CF-E4DACEB72E85}.Debug|Any CPU.ActiveCfg = Debug|Any CPU
		{B92F4A50-3B58-41C5-B0CF-E4DACEB72E85}.Debug|Any CPU.Build.0 = Debug|Any CPU
		{B92F4A50-3B58-41C5-B0CF-E4DACEB72E85}.Release|Any CPU.ActiveCfg = Release|Any CPU
		{B92F4A50-3B58-41C5-B0CF-E4DACEB72E85}.Release|Any CPU.Build.0 = Release|Any CPU
		{1062BE43-1F10-4151-B273-039CC07DC5D7}.Debug|Any CPU.ActiveCfg = Debug|Any CPU
		{1062BE43-1F10-4151-B273-039CC07DC5D7}.Debug|Any CPU.Build.0 = Debug|Any CPU
		{1062BE43-1F10-4151-B273-039CC07DC5D7}.Release|Any CPU.ActiveCfg = Release|Any CPU
		{1062BE43-1F10-4151-B273-039CC07DC5D7}.Release|Any CPU.Build.0 = Release|Any CPU
	EndGlobalSection
	GlobalSection(SolutionProperties) = preSolution
		HideSolutionNode = FALSE
	EndGlobalSection
EndGlobal
