
Microsoft Visual Studio Solution File, Format Version 12.00
# Visual Studio 14
VisualStudioVersion = 14.0.23107.0
MinimumVisualStudioVersion = 10.0.40219.1
Project("{FAE04EC0-301F-11D3-BF4B-00C04F79EFBC}") = "CongDaThuc", "CongDaThuc\CongDaThuc.csproj", "{7D6D15F4-3419-4990-B1B1-655D03F5D9D3}"
EndProject
Project("{FAE04EC0-301F-11D3-BF4B-00C04F79EFBC}") = "Test", "Test\Test.csproj", "{AB261F36-EBD8-4170-8527-8A7D4B964157}"
EndProject
Global
	GlobalSection(SolutionConfigurationPlatforms) = preSolution
		Debug|Any CPU = Debug|Any CPU
		Release|Any CPU = Release|Any CPU
	EndGlobalSection
	GlobalSection(ProjectConfigurationPlatforms) = postSolution
		{7D6D15F4-3419-4990-B1B1-655D03F5D9D3}.Debug|Any CPU.ActiveCfg = Debug|Any CPU
		{7D6D15F4-3419-4990-B1B1-655D03F5D9D3}.Debug|Any CPU.Build.0 = Debug|Any CPU
		{7D6D15F4-3419-4990-B1B1-655D03F5D9D3}.Release|Any CPU.ActiveCfg = Release|Any CPU
		{7D6D15F4-3419-4990-B1B1-655D03F5D9D3}.Release|Any CPU.Build.0 = Release|Any CPU
		{AB261F36-EBD8-4170-8527-8A7D4B964157}.Debug|Any CPU.ActiveCfg = Debug|Any CPU
		{AB261F36-EBD8-4170-8527-8A7D4B964157}.Debug|Any CPU.Build.0 = Debug|Any CPU
		{AB261F36-EBD8-4170-8527-8A7D4B964157}.Release|Any CPU.ActiveCfg = Release|Any CPU
		{AB261F36-EBD8-4170-8527-8A7D4B964157}.Release|Any CPU.Build.0 = Release|Any CPU
	EndGlobalSection
	GlobalSection(SolutionProperties) = preSolution
		HideSolutionNode = FALSE
	EndGlobalSection
EndGlobal
